
Microsoft Visual Studio Solution File, Format Version 12.00
# Visual Studio Version 17
VisualStudioVersion = 17.11.35327.3
MinimumVisualStudioVersion = 10.0.40219.1
Project("{8BC9CEB8-8B4A-11D0-8D11-00A0C91BC942}") = "opencv4.8", "opencv4.8\opencv4.8.vcxproj", "{B21B0B01-5158-425C-A09E-BB4619361F8F}"
EndProject
Global
	GlobalSection(SolutionConfigurationPlatforms) = preSolution
		Debug|x64 = Debug|x64
		Debug|x86 = Debug|x86
		Release|x64 = Release|x64
		Release|x86 = Release|x86
	EndGlobalSection
	GlobalSection(ProjectConfigurationPlatforms) = postSolution
		{B21B0B01-5158-425C-A09E-BB4619361F8F}.Debug|x64.ActiveCfg = Debug|x64
		{B21B0B01-5158-425C-A09E-BB4619361F8F}.Debug|x64.Build.0 = Debug|x64
		{B21B0B01-5158-425C-A09E-BB4619361F8F}.Debug|x86.ActiveCfg = Debug|Win32
		{B21B0B01-5158-425C-A09E-BB4619361F8F}.Debug|x86.Build.0 = Debug|Win32
		{B21B0B01-5158-425C-A09E-BB4619361F8F}.Release|x64.ActiveCfg = Release|x64
		{B21B0B01-5158-425C-A09E-BB4619361F8F}.Release|x64.Build.0 = Release|x64
		{B21B0B01-5158-425C-A09E-BB4619361F8F}.Release|x86.ActiveCfg = Release|Win32
		{B21B0B01-5158-425C-A09E-BB4619361F8F}.Release|x86.Build.0 = Release|Win32
	EndGlobalSection
	GlobalSection(SolutionProperties) = preSolution
		HideSolutionNode = FALSE
	EndGlobalSection
	GlobalSection(ExtensibilityGlobals) = postSolution
		SolutionGuid = {44BD1BF1-8792-4B0D-BB40-2CBACE93D3DD}
	EndGlobalSection
EndGlobal
